
Microsoft Visual Studio Solution File, Format Version 12.00
# Visual Studio 2013
VisualStudioVersion = 12.0.31101.0
MinimumVisualStudioVersion = 10.0.40219.1
Project("{FAE04EC0-301F-11D3-BF4B-00C04F79EFBC}") = "Atreyu", "Atreyu\Atreyu.csproj", "{DE31E91F-CB9A-4C68-8F0B-C90BEF94FCEF}"
EndProject
Project("{FAE04EC0-301F-11D3-BF4B-00C04F79EFBC}") = "Viewer", "Viewer\Viewer.csproj", "{28B1F0B8-4897-470A-8252-74A4C079E2BD}"
EndProject
Global
	GlobalSection(SolutionConfigurationPlatforms) = preSolution
		Debug|Any CPU = Debug|Any CPU
		Debug|x64 = Debug|x64
		Debug|x86 = Debug|x86
		Release|Any CPU = Release|Any CPU
		Release|x64 = Release|x64
		Release|x86 = Release|x86
	EndGlobalSection
	GlobalSection(ProjectConfigurationPlatforms) = postSolution
		{DE31E91F-CB9A-4C68-8F0B-C90BEF94FCEF}.Debug|Any CPU.ActiveCfg = Debug|Any CPU
		{DE31E91F-CB9A-4C68-8F0B-C90BEF94FCEF}.Debug|Any CPU.Build.0 = Debug|Any CPU
		{DE31E91F-CB9A-4C68-8F0B-C90BEF94FCEF}.Debug|x64.ActiveCfg = Debug|x64
		{DE31E91F-CB9A-4C68-8F0B-C90BEF94FCEF}.Debug|x64.Build.0 = Debug|x64
		{DE31E91F-CB9A-4C68-8F0B-C90BEF94FCEF}.Debug|x86.ActiveCfg = Debug|Any CPU
		{DE31E91F-CB9A-4C68-8F0B-C90BEF94FCEF}.Release|Any CPU.ActiveCfg = Release|Any CPU
		{DE31E91F-CB9A-4C68-8F0B-C90BEF94FCEF}.Release|Any CPU.Build.0 = Release|Any CPU
		{DE31E91F-CB9A-4C68-8F0B-C90BEF94FCEF}.Release|x64.ActiveCfg = Release|x64
		{DE31E91F-CB9A-4C68-8F0B-C90BEF94FCEF}.Release|x64.Build.0 = Release|x64
		{DE31E91F-CB9A-4C68-8F0B-C90BEF94FCEF}.Release|x86.ActiveCfg = Release|Any CPU
		{28B1F0B8-4897-470A-8252-74A4C079E2BD}.Debug|Any CPU.ActiveCfg = Debug|Any CPU
		{28B1F0B8-4897-470A-8252-74A4C079E2BD}.Debug|Any CPU.Build.0 = Debug|Any CPU
		{28B1F0B8-4897-470A-8252-74A4C079E2BD}.Debug|x64.ActiveCfg = Debug|x64
		{28B1F0B8-4897-470A-8252-74A4C079E2BD}.Debug|x64.Build.0 = Debug|x64
		{28B1F0B8-4897-470A-8252-74A4C079E2BD}.Debug|x86.ActiveCfg = Debug|Any CPU
		{28B1F0B8-4897-470A-8252-74A4C079E2BD}.Release|Any CPU.ActiveCfg = Release|Any CPU
		{28B1F0B8-4897-470A-8252-74A4C079E2BD}.Release|Any CPU.Build.0 = Release|Any CPU
		{28B1F0B8-4897-470A-8252-74A4C079E2BD}.Release|x64.ActiveCfg = Release|x64
		{28B1F0B8-4897-470A-8252-74A4C079E2BD}.Release|x64.Build.0 = Release|x64
		{28B1F0B8-4897-470A-8252-74A4C079E2BD}.Release|x86.ActiveCfg = Release|Any CPU
	EndGlobalSection
	GlobalSection(SolutionProperties) = preSolution
		HideSolutionNode = FALSE
	EndGlobalSection
EndGlobal
